// !$*UTF8*$!
{
	archiveVersion = 1;
	classes = {
	};
	objectVersion = 51;
	objects = {

/* Begin PBXBuildFile section */
		5C7E2391DC5BE91B771CFCC3 /* Pods_WBooks.framework in Frameworks */ = {isa = PBXBuildFile; fileRef = 7F454185BF3A203B05B1CE50 /* Pods_WBooks.framework */; };
		9193828B00730CD800768EDA /* Pods_WBooks_WBooksUITests.framework in Frameworks */ = {isa = PBXBuildFile; fileRef = EFFE38CF029A5C45274AB566 /* Pods_WBooks_WBooksUITests.framework */; };
		BF02A6BB26792EA000B7C60D /* RentRepository.swift in Sources */ = {isa = PBXBuildFile; fileRef = BF02A6BA26792EA000B7C60D /* RentRepository.swift */; };
		BF02A6BD26793D2900B7C60D /* Rent.swift in Sources */ = {isa = PBXBuildFile; fileRef = BF02A6BC26793D2900B7C60D /* Rent.swift */; };
		BF06D6862677A2C6007C5388 /* UIImageView.swift in Sources */ = {isa = PBXBuildFile; fileRef = BF06D6852677A2C6007C5388 /* UIImageView.swift */; };
		BF06D68D2677C725007C5388 /* BookDetailsViewModel.swift in Sources */ = {isa = PBXBuildFile; fileRef = BF06D68C2677C725007C5388 /* BookDetailsViewModel.swift */; };
		BF06D6962677D000007C5388 /* BookDetailsController.swift in Sources */ = {isa = PBXBuildFile; fileRef = BF06D6942677D000007C5388 /* BookDetailsController.swift */; };
		BF06D6972677D000007C5388 /* BookDetailsView.xib in Resources */ = {isa = PBXBuildFile; fileRef = BF06D6952677D000007C5388 /* BookDetailsView.xib */; };
		BF06D69B2677D083007C5388 /* BookDetailsView.swift in Sources */ = {isa = PBXBuildFile; fileRef = BF06D69A2677D083007C5388 /* BookDetailsView.swift */; };
		BF06D69F2677D4B8007C5388 /* InfoBookSectionController.swift in Sources */ = {isa = PBXBuildFile; fileRef = BF06D69E2677D4B8007C5388 /* InfoBookSectionController.swift */; };
		BF06D6A12677D4DC007C5388 /* InfoBookSectionViewModel.swift in Sources */ = {isa = PBXBuildFile; fileRef = BF06D6A02677D4DC007C5388 /* InfoBookSectionViewModel.swift */; };
		BF06D6A32677D54E007C5388 /* InfoBookSectionView.swift in Sources */ = {isa = PBXBuildFile; fileRef = BF06D6A22677D54E007C5388 /* InfoBookSectionView.swift */; };
		BF06D6A52677D55D007C5388 /* InfoBookSectionView.xib in Resources */ = {isa = PBXBuildFile; fileRef = BF06D6A42677D55D007C5388 /* InfoBookSectionView.xib */; };
		BF11E224267A4540000F851F /* CommentSectionViewModel.swift in Sources */ = {isa = PBXBuildFile; fileRef = BF11E223267A4540000F851F /* CommentSectionViewModel.swift */; };
		BF11E226267A4554000F851F /* CommentSectionController.swift in Sources */ = {isa = PBXBuildFile; fileRef = BF11E225267A4554000F851F /* CommentSectionController.swift */; };
		BF11E228267A4569000F851F /* CommentSectionView.swift in Sources */ = {isa = PBXBuildFile; fileRef = BF11E227267A4569000F851F /* CommentSectionView.swift */; };
		BF11E22A267A4579000F851F /* CommentSectionView.xib in Resources */ = {isa = PBXBuildFile; fileRef = BF11E229267A4579000F851F /* CommentSectionView.xib */; };
		BF11E22D267A472A000F851F /* CommentCellView.swift in Sources */ = {isa = PBXBuildFile; fileRef = BF11E22C267A472A000F851F /* CommentCellView.swift */; };
		BF11E22F267A473D000F851F /* CommentCellViewModel.swift in Sources */ = {isa = PBXBuildFile; fileRef = BF11E22E267A473D000F851F /* CommentCellViewModel.swift */; };
		BF11E231267A474D000F851F /* CommentCellView.xib in Resources */ = {isa = PBXBuildFile; fileRef = BF11E230267A474D000F851F /* CommentCellView.xib */; };
		BF11E233267A5715000F851F /* Comment.swift in Sources */ = {isa = PBXBuildFile; fileRef = BF11E232267A5715000F851F /* Comment.swift */; };
		BF11E235267A7519000F851F /* CommentRepository.swift in Sources */ = {isa = PBXBuildFile; fileRef = BF11E234267A7519000F851F /* CommentRepository.swift */; };
		BF18907F2672743400C95A29 /* WBooksNavigationController.swift in Sources */ = {isa = PBXBuildFile; fileRef = BF18907E2672743400C95A29 /* WBooksNavigationController.swift */; };
		BF69C6EC2672919200E618B8 /* TabBarController.swift in Sources */ = {isa = PBXBuildFile; fileRef = BF69C6EB2672919200E618B8 /* TabBarController.swift */; };
		BF7AA0502670DDA300EB490D /* Book.swift in Sources */ = {isa = PBXBuildFile; fileRef = BF7AA04F2670DDA300EB490D /* Book.swift */; };
		BF7AA0532670F3E800EB490D /* Localizable.strings in Resources */ = {isa = PBXBuildFile; fileRef = BF7AA0552670F3E800EB490D /* Localizable.strings */; };
		BF90CA3A267383C4006D5F2E /* TableBookViewModel.swift in Sources */ = {isa = PBXBuildFile; fileRef = BF90CA39267383C4006D5F2E /* TableBookViewModel.swift */; };
		BF90CA3C267383DF006D5F2E /* CellBookViewModel.swift in Sources */ = {isa = PBXBuildFile; fileRef = BF90CA3B267383DF006D5F2E /* CellBookViewModel.swift */; };
		BF90CA3F2673ADDC006D5F2E /* BookRepository.swift in Sources */ = {isa = PBXBuildFile; fileRef = BF90CA3E2673ADDC006D5F2E /* BookRepository.swift */; };
		BFD65E49266A96B000B61FD0 /* NibView.swift in Sources */ = {isa = PBXBuildFile; fileRef = BFD65E48266A96B000B61FD0 /* NibView.swift */; };
		BFD65E4C266A972100B61FD0 /* LoginController.swift in Sources */ = {isa = PBXBuildFile; fileRef = BFD65E4B266A972100B61FD0 /* LoginController.swift */; };
		BFD65E4E266A979A00B61FD0 /* LoginView.swift in Sources */ = {isa = PBXBuildFile; fileRef = BFD65E4D266A979A00B61FD0 /* LoginView.swift */; };
		BFD65E52266A981800B61FD0 /* LoginView.xib in Resources */ = {isa = PBXBuildFile; fileRef = BFD65E51266A981800B61FD0 /* LoginView.xib */; };
		BFD65E56266AA64400B61FD0 /* TableBookView.swift in Sources */ = {isa = PBXBuildFile; fileRef = BFD65E55266AA64400B61FD0 /* TableBookView.swift */; };
		BFD65E58266AA65600B61FD0 /* TableBookView.xib in Resources */ = {isa = PBXBuildFile; fileRef = BFD65E57266AA65600B61FD0 /* TableBookView.xib */; };
		BFD65E5A266AA6C800B61FD0 /* TableBookController.swift in Sources */ = {isa = PBXBuildFile; fileRef = BFD65E59266AA6C800B61FD0 /* TableBookController.swift */; };
		BFD65E5D266AA92600B61FD0 /* CellBookView.swift in Sources */ = {isa = PBXBuildFile; fileRef = BFD65E5C266AA92600B61FD0 /* CellBookView.swift */; };
		BFD65E5F266AA93400B61FD0 /* CellBookView.xib in Resources */ = {isa = PBXBuildFile; fileRef = BFD65E5E266AA93400B61FD0 /* CellBookView.xib */; };
		BFFB81E52669053C00979253 /* AppDelegate.swift in Sources */ = {isa = PBXBuildFile; fileRef = BFFB81E42669053C00979253 /* AppDelegate.swift */; };
		BFFB81E72669053C00979253 /* SceneDelegate.swift in Sources */ = {isa = PBXBuildFile; fileRef = BFFB81E62669053C00979253 /* SceneDelegate.swift */; };
		BFFB81EE2669053D00979253 /* Assets.xcassets in Resources */ = {isa = PBXBuildFile; fileRef = BFFB81ED2669053D00979253 /* Assets.xcassets */; };
		BFFB81FC2669053D00979253 /* WBooksTests.swift in Sources */ = {isa = PBXBuildFile; fileRef = BFFB81FB2669053D00979253 /* WBooksTests.swift */; };
		BFFB82072669053D00979253 /* WBooksUITests.swift in Sources */ = {isa = PBXBuildFile; fileRef = BFFB82062669053D00979253 /* WBooksUITests.swift */; };
		CB42E51DAAE11D8377DAFC38 /* Pods_WBooksTests.framework in Frameworks */ = {isa = PBXBuildFile; fileRef = 593FB9DA641D3CA303479209 /* Pods_WBooksTests.framework */; };
/* End PBXBuildFile section */

/* Begin PBXContainerItemProxy section */
		BFFB81F82669053D00979253 /* PBXContainerItemProxy */ = {
			isa = PBXContainerItemProxy;
			containerPortal = BFFB81D92669053C00979253 /* Project object */;
			proxyType = 1;
			remoteGlobalIDString = BFFB81E02669053C00979253;
			remoteInfo = WBooks;
		};
		BFFB82032669053D00979253 /* PBXContainerItemProxy */ = {
			isa = PBXContainerItemProxy;
			containerPortal = BFFB81D92669053C00979253 /* Project object */;
			proxyType = 1;
			remoteGlobalIDString = BFFB81E02669053C00979253;
			remoteInfo = WBooks;
		};
/* End PBXContainerItemProxy section */

/* Begin PBXFileReference section */
		235BDC242FA644E85627D186 /* Pods-WBooks-WBooksUITests.release.xcconfig */ = {isa = PBXFileReference; includeInIndex = 1; lastKnownFileType = text.xcconfig; name = "Pods-WBooks-WBooksUITests.release.xcconfig"; path = "Target Support Files/Pods-WBooks-WBooksUITests/Pods-WBooks-WBooksUITests.release.xcconfig"; sourceTree = "<group>"; };
		593FB9DA641D3CA303479209 /* Pods_WBooksTests.framework */ = {isa = PBXFileReference; explicitFileType = wrapper.framework; includeInIndex = 0; path = Pods_WBooksTests.framework; sourceTree = BUILT_PRODUCTS_DIR; };
		5E6B0A8C654941F376093DBE /* Pods-WBooks.release.xcconfig */ = {isa = PBXFileReference; includeInIndex = 1; lastKnownFileType = text.xcconfig; name = "Pods-WBooks.release.xcconfig"; path = "Target Support Files/Pods-WBooks/Pods-WBooks.release.xcconfig"; sourceTree = "<group>"; };
		5F86B5779801677CC0544BBB /* Pods-WBooks.debug.xcconfig */ = {isa = PBXFileReference; includeInIndex = 1; lastKnownFileType = text.xcconfig; name = "Pods-WBooks.debug.xcconfig"; path = "Target Support Files/Pods-WBooks/Pods-WBooks.debug.xcconfig"; sourceTree = "<group>"; };
		7F454185BF3A203B05B1CE50 /* Pods_WBooks.framework */ = {isa = PBXFileReference; explicitFileType = wrapper.framework; includeInIndex = 0; path = Pods_WBooks.framework; sourceTree = BUILT_PRODUCTS_DIR; };
		84DF9488F6C0B542A6F9D555 /* Pods-WBooksTests.release.xcconfig */ = {isa = PBXFileReference; includeInIndex = 1; lastKnownFileType = text.xcconfig; name = "Pods-WBooksTests.release.xcconfig"; path = "Target Support Files/Pods-WBooksTests/Pods-WBooksTests.release.xcconfig"; sourceTree = "<group>"; };
		84E274A4D7A7AB8D3FF0DD3C /* Pods-WBooks-WBooksUITests.debug.xcconfig */ = {isa = PBXFileReference; includeInIndex = 1; lastKnownFileType = text.xcconfig; name = "Pods-WBooks-WBooksUITests.debug.xcconfig"; path = "Target Support Files/Pods-WBooks-WBooksUITests/Pods-WBooks-WBooksUITests.debug.xcconfig"; sourceTree = "<group>"; };
		BF02A6BA26792EA000B7C60D /* RentRepository.swift */ = {isa = PBXFileReference; lastKnownFileType = sourcecode.swift; path = RentRepository.swift; sourceTree = "<group>"; };
		BF02A6BC26793D2900B7C60D /* Rent.swift */ = {isa = PBXFileReference; lastKnownFileType = sourcecode.swift; name = Rent.swift; path = WBooks/Rent.swift; sourceTree = SOURCE_ROOT; };
		BF06D6852677A2C6007C5388 /* UIImageView.swift */ = {isa = PBXFileReference; lastKnownFileType = sourcecode.swift; name = UIImageView.swift; path = WBooks/UIImageView.swift; sourceTree = SOURCE_ROOT; };
		BF06D68C2677C725007C5388 /* BookDetailsViewModel.swift */ = {isa = PBXFileReference; lastKnownFileType = sourcecode.swift; path = BookDetailsViewModel.swift; sourceTree = "<group>"; };
		BF06D6942677D000007C5388 /* BookDetailsController.swift */ = {isa = PBXFileReference; lastKnownFileType = sourcecode.swift; path = BookDetailsController.swift; sourceTree = "<group>"; };
		BF06D6952677D000007C5388 /* BookDetailsView.xib */ = {isa = PBXFileReference; lastKnownFileType = file.xib; path = BookDetailsView.xib; sourceTree = "<group>"; };
		BF06D69A2677D083007C5388 /* BookDetailsView.swift */ = {isa = PBXFileReference; lastKnownFileType = sourcecode.swift; path = BookDetailsView.swift; sourceTree = "<group>"; };
		BF06D69E2677D4B8007C5388 /* InfoBookSectionController.swift */ = {isa = PBXFileReference; lastKnownFileType = sourcecode.swift; path = InfoBookSectionController.swift; sourceTree = "<group>"; };
		BF06D6A02677D4DC007C5388 /* InfoBookSectionViewModel.swift */ = {isa = PBXFileReference; lastKnownFileType = sourcecode.swift; path = InfoBookSectionViewModel.swift; sourceTree = "<group>"; };
		BF06D6A22677D54E007C5388 /* InfoBookSectionView.swift */ = {isa = PBXFileReference; lastKnownFileType = sourcecode.swift; path = InfoBookSectionView.swift; sourceTree = "<group>"; };
		BF06D6A42677D55D007C5388 /* InfoBookSectionView.xib */ = {isa = PBXFileReference; lastKnownFileType = file.xib; path = InfoBookSectionView.xib; sourceTree = "<group>"; };
		BF11E223267A4540000F851F /* CommentSectionViewModel.swift */ = {isa = PBXFileReference; lastKnownFileType = sourcecode.swift; path = CommentSectionViewModel.swift; sourceTree = "<group>"; };
		BF11E225267A4554000F851F /* CommentSectionController.swift */ = {isa = PBXFileReference; lastKnownFileType = sourcecode.swift; path = CommentSectionController.swift; sourceTree = "<group>"; };
		BF11E227267A4569000F851F /* CommentSectionView.swift */ = {isa = PBXFileReference; lastKnownFileType = sourcecode.swift; path = CommentSectionView.swift; sourceTree = "<group>"; };
		BF11E229267A4579000F851F /* CommentSectionView.xib */ = {isa = PBXFileReference; lastKnownFileType = file.xib; path = CommentSectionView.xib; sourceTree = "<group>"; };
		BF11E22C267A472A000F851F /* CommentCellView.swift */ = {isa = PBXFileReference; lastKnownFileType = sourcecode.swift; path = CommentCellView.swift; sourceTree = "<group>"; };
		BF11E22E267A473D000F851F /* CommentCellViewModel.swift */ = {isa = PBXFileReference; lastKnownFileType = sourcecode.swift; path = CommentCellViewModel.swift; sourceTree = "<group>"; };
		BF11E230267A474D000F851F /* CommentCellView.xib */ = {isa = PBXFileReference; lastKnownFileType = file.xib; path = CommentCellView.xib; sourceTree = "<group>"; };
		BF11E232267A5715000F851F /* Comment.swift */ = {isa = PBXFileReference; lastKnownFileType = sourcecode.swift; path = Comment.swift; sourceTree = "<group>"; };
		BF11E234267A7519000F851F /* CommentRepository.swift */ = {isa = PBXFileReference; lastKnownFileType = sourcecode.swift; path = CommentRepository.swift; sourceTree = "<group>"; };
		BF18907E2672743400C95A29 /* WBooksNavigationController.swift */ = {isa = PBXFileReference; lastKnownFileType = sourcecode.swift; path = WBooksNavigationController.swift; sourceTree = "<group>"; };
		BF69C6EB2672919200E618B8 /* TabBarController.swift */ = {isa = PBXFileReference; lastKnownFileType = sourcecode.swift; name = TabBarController.swift; path = WBooks/TabBar/TabBarController.swift; sourceTree = SOURCE_ROOT; };
		BF7AA04F2670DDA300EB490D /* Book.swift */ = {isa = PBXFileReference; lastKnownFileType = sourcecode.swift; path = Book.swift; sourceTree = "<group>"; };
		BF7AA0542670F3E800EB490D /* en */ = {isa = PBXFileReference; lastKnownFileType = text.plist.strings; name = en; path = en.lproj/Localizable.strings; sourceTree = "<group>"; };
		BF90CA39267383C4006D5F2E /* TableBookViewModel.swift */ = {isa = PBXFileReference; lastKnownFileType = sourcecode.swift; path = TableBookViewModel.swift; sourceTree = "<group>"; };
		BF90CA3B267383DF006D5F2E /* CellBookViewModel.swift */ = {isa = PBXFileReference; lastKnownFileType = sourcecode.swift; path = CellBookViewModel.swift; sourceTree = "<group>"; };
		BF90CA3E2673ADDC006D5F2E /* BookRepository.swift */ = {isa = PBXFileReference; lastKnownFileType = sourcecode.swift; path = BookRepository.swift; sourceTree = "<group>"; };
		BFC12AC22670FA0C00BDE671 /* es */ = {isa = PBXFileReference; lastKnownFileType = text.plist.strings; name = es; path = es.lproj/Localizable.strings; sourceTree = "<group>"; };
		BFC1AA3F26691A9500AB8A65 /* Release.xcconfig */ = {isa = PBXFileReference; lastKnownFileType = text.xcconfig; path = Release.xcconfig; sourceTree = "<group>"; };
		BFC1AA4026691ABA00AB8A65 /* Debug.xcconfig */ = {isa = PBXFileReference; lastKnownFileType = text.xcconfig; path = Debug.xcconfig; sourceTree = "<group>"; };
		BFD65E48266A96B000B61FD0 /* NibView.swift */ = {isa = PBXFileReference; lastKnownFileType = sourcecode.swift; path = NibView.swift; sourceTree = "<group>"; };
		BFD65E4B266A972100B61FD0 /* LoginController.swift */ = {isa = PBXFileReference; lastKnownFileType = sourcecode.swift; path = LoginController.swift; sourceTree = "<group>"; };
		BFD65E4D266A979A00B61FD0 /* LoginView.swift */ = {isa = PBXFileReference; lastKnownFileType = sourcecode.swift; path = LoginView.swift; sourceTree = "<group>"; };
		BFD65E51266A981800B61FD0 /* LoginView.xib */ = {isa = PBXFileReference; lastKnownFileType = file.xib; path = LoginView.xib; sourceTree = "<group>"; };
		BFD65E55266AA64400B61FD0 /* TableBookView.swift */ = {isa = PBXFileReference; lastKnownFileType = sourcecode.swift; path = TableBookView.swift; sourceTree = "<group>"; };
		BFD65E57266AA65600B61FD0 /* TableBookView.xib */ = {isa = PBXFileReference; lastKnownFileType = file.xib; path = TableBookView.xib; sourceTree = "<group>"; };
		BFD65E59266AA6C800B61FD0 /* TableBookController.swift */ = {isa = PBXFileReference; lastKnownFileType = sourcecode.swift; path = TableBookController.swift; sourceTree = "<group>"; };
		BFD65E5C266AA92600B61FD0 /* CellBookView.swift */ = {isa = PBXFileReference; lastKnownFileType = sourcecode.swift; path = CellBookView.swift; sourceTree = "<group>"; };
		BFD65E5E266AA93400B61FD0 /* CellBookView.xib */ = {isa = PBXFileReference; lastKnownFileType = file.xib; path = CellBookView.xib; sourceTree = "<group>"; };
		BFFB81E12669053C00979253 /* WBooks.app */ = {isa = PBXFileReference; explicitFileType = wrapper.application; includeInIndex = 0; path = WBooks.app; sourceTree = BUILT_PRODUCTS_DIR; };
		BFFB81E42669053C00979253 /* AppDelegate.swift */ = {isa = PBXFileReference; lastKnownFileType = sourcecode.swift; path = AppDelegate.swift; sourceTree = "<group>"; };
		BFFB81E62669053C00979253 /* SceneDelegate.swift */ = {isa = PBXFileReference; lastKnownFileType = sourcecode.swift; path = SceneDelegate.swift; sourceTree = "<group>"; };
		BFFB81ED2669053D00979253 /* Assets.xcassets */ = {isa = PBXFileReference; lastKnownFileType = folder.assetcatalog; path = Assets.xcassets; sourceTree = "<group>"; };
		BFFB81F22669053D00979253 /* Info.plist */ = {isa = PBXFileReference; lastKnownFileType = text.plist.xml; path = Info.plist; sourceTree = "<group>"; };
		BFFB81F72669053D00979253 /* WBooksTests.xctest */ = {isa = PBXFileReference; explicitFileType = wrapper.cfbundle; includeInIndex = 0; path = WBooksTests.xctest; sourceTree = BUILT_PRODUCTS_DIR; };
		BFFB81FB2669053D00979253 /* WBooksTests.swift */ = {isa = PBXFileReference; lastKnownFileType = sourcecode.swift; path = WBooksTests.swift; sourceTree = "<group>"; };
		BFFB81FD2669053D00979253 /* Info.plist */ = {isa = PBXFileReference; lastKnownFileType = text.plist.xml; path = Info.plist; sourceTree = "<group>"; };
		BFFB82022669053D00979253 /* WBooksUITests.xctest */ = {isa = PBXFileReference; explicitFileType = wrapper.cfbundle; includeInIndex = 0; path = WBooksUITests.xctest; sourceTree = BUILT_PRODUCTS_DIR; };
		BFFB82062669053D00979253 /* WBooksUITests.swift */ = {isa = PBXFileReference; lastKnownFileType = sourcecode.swift; path = WBooksUITests.swift; sourceTree = "<group>"; };
		BFFB82082669053D00979253 /* Info.plist */ = {isa = PBXFileReference; lastKnownFileType = text.plist.xml; path = Info.plist; sourceTree = "<group>"; };
		ED8D5F3DF7D7312D1F8A5E4A /* Pods-WBooksTests.debug.xcconfig */ = {isa = PBXFileReference; includeInIndex = 1; lastKnownFileType = text.xcconfig; name = "Pods-WBooksTests.debug.xcconfig"; path = "Target Support Files/Pods-WBooksTests/Pods-WBooksTests.debug.xcconfig"; sourceTree = "<group>"; };
		EFFE38CF029A5C45274AB566 /* Pods_WBooks_WBooksUITests.framework */ = {isa = PBXFileReference; explicitFileType = wrapper.framework; includeInIndex = 0; path = Pods_WBooks_WBooksUITests.framework; sourceTree = BUILT_PRODUCTS_DIR; };
/* End PBXFileReference section */

/* Begin PBXFrameworksBuildPhase section */
		BFFB81DE2669053C00979253 /* Frameworks */ = {
			isa = PBXFrameworksBuildPhase;
			buildActionMask = 2147483647;
			files = (
				5C7E2391DC5BE91B771CFCC3 /* Pods_WBooks.framework in Frameworks */,
			);
			runOnlyForDeploymentPostprocessing = 0;
		};
		BFFB81F42669053D00979253 /* Frameworks */ = {
			isa = PBXFrameworksBuildPhase;
			buildActionMask = 2147483647;
			files = (
				CB42E51DAAE11D8377DAFC38 /* Pods_WBooksTests.framework in Frameworks */,
			);
			runOnlyForDeploymentPostprocessing = 0;
		};
		BFFB81FF2669053D00979253 /* Frameworks */ = {
			isa = PBXFrameworksBuildPhase;
			buildActionMask = 2147483647;
			files = (
				9193828B00730CD800768EDA /* Pods_WBooks_WBooksUITests.framework in Frameworks */,
			);
			runOnlyForDeploymentPostprocessing = 0;
		};
/* End PBXFrameworksBuildPhase section */

/* Begin PBXGroup section */
		72A2B1FFFADA79C46EF4C512 /* Frameworks */ = {
			isa = PBXGroup;
			children = (
				7F454185BF3A203B05B1CE50 /* Pods_WBooks.framework */,
				EFFE38CF029A5C45274AB566 /* Pods_WBooks_WBooksUITests.framework */,
				593FB9DA641D3CA303479209 /* Pods_WBooksTests.framework */,
			);
			name = Frameworks;
			sourceTree = "<group>";
		};
		BF06D6872677C62F007C5388 /* BookDetails */ = {
			isa = PBXGroup;
			children = (
				BF06D69D2677D432007C5388 /* CommentsSection */,
				BF06D69C2677D422007C5388 /* InfoBookSection */,
				BF06D68C2677C725007C5388 /* BookDetailsViewModel.swift */,
				BF06D6942677D000007C5388 /* BookDetailsController.swift */,
				BF06D6952677D000007C5388 /* BookDetailsView.xib */,
				BF06D69A2677D083007C5388 /* BookDetailsView.swift */,
			);
			path = BookDetails;
			sourceTree = "<group>";
		};
		BF06D69C2677D422007C5388 /* InfoBookSection */ = {
			isa = PBXGroup;
			children = (
				BF06D69E2677D4B8007C5388 /* InfoBookSectionController.swift */,
				BF06D6A02677D4DC007C5388 /* InfoBookSectionViewModel.swift */,
				BF06D6A22677D54E007C5388 /* InfoBookSectionView.swift */,
				BF06D6A42677D55D007C5388 /* InfoBookSectionView.xib */,
			);
			path = InfoBookSection;
			sourceTree = "<group>";
		};
		BF06D69D2677D432007C5388 /* CommentsSection */ = {
			isa = PBXGroup;
			children = (
				BF11E22B267A4702000F851F /* CommentCell */,
				BF11E223267A4540000F851F /* CommentSectionViewModel.swift */,
				BF11E225267A4554000F851F /* CommentSectionController.swift */,
				BF11E227267A4569000F851F /* CommentSectionView.swift */,
				BF11E229267A4579000F851F /* CommentSectionView.xib */,
			);
			path = CommentsSection;
			sourceTree = "<group>";
		};
		BF11E22B267A4702000F851F /* CommentCell */ = {
			isa = PBXGroup;
			children = (
				BF11E22C267A472A000F851F /* CommentCellView.swift */,
				BF11E22E267A473D000F851F /* CommentCellViewModel.swift */,
				BF11E230267A474D000F851F /* CommentCellView.xib */,
			);
			path = CommentCell;
			sourceTree = "<group>";
		};
		BF90CA3D2673ADAB006D5F2E /* Repository */ = {
			isa = PBXGroup;
			children = (
				BF90CA3E2673ADDC006D5F2E /* BookRepository.swift */,
				BF02A6BA26792EA000B7C60D /* RentRepository.swift */,
				BF11E234267A7519000F851F /* CommentRepository.swift */,
			);
			path = Repository;
			sourceTree = "<group>";
		};
		BFD65E47266A969200B61FD0 /* Shared */ = {
			isa = PBXGroup;
			children = (
				BFD65E48266A96B000B61FD0 /* NibView.swift */,
			);
			path = Shared;
			sourceTree = "<group>";
		};
		BFD65E4A266A96F600B61FD0 /* Login */ = {
			isa = PBXGroup;
			children = (
				BFD65E4B266A972100B61FD0 /* LoginController.swift */,
				BFD65E4D266A979A00B61FD0 /* LoginView.swift */,
				BFD65E51266A981800B61FD0 /* LoginView.xib */,
			);
			path = Login;
			sourceTree = "<group>";
		};
		BFD65E53266AA13D00B61FD0 /* ConfigFiles */ = {
			isa = PBXGroup;
			children = (
				BFC1AA4026691ABA00AB8A65 /* Debug.xcconfig */,
				BFC1AA3F26691A9500AB8A65 /* Release.xcconfig */,
			);
			path = ConfigFiles;
			sourceTree = "<group>";
		};
		BFD65E54266AA61F00B61FD0 /* TableBooks */ = {
			isa = PBXGroup;
			children = (
				BFD65E5B266AA91200B61FD0 /* CellBook */,
				BFD65E55266AA64400B61FD0 /* TableBookView.swift */,
				BFD65E57266AA65600B61FD0 /* TableBookView.xib */,
				BFD65E59266AA6C800B61FD0 /* TableBookController.swift */,
				BF90CA39267383C4006D5F2E /* TableBookViewModel.swift */,
			);
			path = TableBooks;
			sourceTree = "<group>";
		};
		BFD65E5B266AA91200B61FD0 /* CellBook */ = {
			isa = PBXGroup;
			children = (
				BFD65E5C266AA92600B61FD0 /* CellBookView.swift */,
				BFD65E5E266AA93400B61FD0 /* CellBookView.xib */,
				BF90CA3B267383DF006D5F2E /* CellBookViewModel.swift */,
			);
			path = CellBook;
			sourceTree = "<group>";
		};
		BFE9BF132672911600C21494 /* TabBar */ = {
			isa = PBXGroup;
			children = (
				BF69C6EB2672919200E618B8 /* TabBarController.swift */,
			);
			path = TabBar;
			sourceTree = "<group>";
		};
		BFFB81D82669053C00979253 = {
			isa = PBXGroup;
			children = (
				BFFB81E32669053C00979253 /* WBooks */,
				BFD65E53266AA13D00B61FD0 /* ConfigFiles */,
				BFFB81FA2669053D00979253 /* WBooksTests */,
				BFFB82052669053D00979253 /* WBooksUITests */,
				BFFB81E22669053C00979253 /* Products */,
				CB7A6A2A5958C43F01389249 /* Pods */,
				72A2B1FFFADA79C46EF4C512 /* Frameworks */,
			);
			sourceTree = "<group>";
		};
		BFFB81E22669053C00979253 /* Products */ = {
			isa = PBXGroup;
			children = (
				BFFB81E12669053C00979253 /* WBooks.app */,
				BFFB81F72669053D00979253 /* WBooksTests.xctest */,
				BFFB82022669053D00979253 /* WBooksUITests.xctest */,
			);
			name = Products;
			sourceTree = "<group>";
		};
		BFFB81E32669053C00979253 /* WBooks */ = {
			isa = PBXGroup;
			children = (
				BF06D6872677C62F007C5388 /* BookDetails */,
				BF90CA3D2673ADAB006D5F2E /* Repository */,
				BFE9BF132672911600C21494 /* TabBar */,
				BFD65E54266AA61F00B61FD0 /* TableBooks */,
				BFD65E4A266A96F600B61FD0 /* Login */,
				BFD65E47266A969200B61FD0 /* Shared */,
				BFFB81E42669053C00979253 /* AppDelegate.swift */,
				BF7AA0552670F3E800EB490D /* Localizable.strings */,
				BFFB81E62669053C00979253 /* SceneDelegate.swift */,
				BFFB81ED2669053D00979253 /* Assets.xcassets */,
				BFFB81F22669053D00979253 /* Info.plist */,
				BF02A6BC26793D2900B7C60D /* Rent.swift */,
				BF11E232267A5715000F851F /* Comment.swift */,
				BF7AA04F2670DDA300EB490D /* Book.swift */,
				BF06D6852677A2C6007C5388 /* UIImageView.swift */,
				BF18907E2672743400C95A29 /* WBooksNavigationController.swift */,
			);
			path = WBooks;
			sourceTree = "<group>";
		};
		BFFB81FA2669053D00979253 /* WBooksTests */ = {
			isa = PBXGroup;
			children = (
				BFFB81FB2669053D00979253 /* WBooksTests.swift */,
				BFFB81FD2669053D00979253 /* Info.plist */,
			);
			path = WBooksTests;
			sourceTree = "<group>";
		};
		BFFB82052669053D00979253 /* WBooksUITests */ = {
			isa = PBXGroup;
			children = (
				BFFB82062669053D00979253 /* WBooksUITests.swift */,
				BFFB82082669053D00979253 /* Info.plist */,
			);
			path = WBooksUITests;
			sourceTree = "<group>";
		};
		CB7A6A2A5958C43F01389249 /* Pods */ = {
			isa = PBXGroup;
			children = (
				5F86B5779801677CC0544BBB /* Pods-WBooks.debug.xcconfig */,
				5E6B0A8C654941F376093DBE /* Pods-WBooks.release.xcconfig */,
				84E274A4D7A7AB8D3FF0DD3C /* Pods-WBooks-WBooksUITests.debug.xcconfig */,
				235BDC242FA644E85627D186 /* Pods-WBooks-WBooksUITests.release.xcconfig */,
				ED8D5F3DF7D7312D1F8A5E4A /* Pods-WBooksTests.debug.xcconfig */,
				84DF9488F6C0B542A6F9D555 /* Pods-WBooksTests.release.xcconfig */,
			);
			path = Pods;
			sourceTree = "<group>";
		};
/* End PBXGroup section */

/* Begin PBXNativeTarget section */
		BFFB81E02669053C00979253 /* WBooks */ = {
			isa = PBXNativeTarget;
			buildConfigurationList = BFFB820B2669053D00979253 /* Build configuration list for PBXNativeTarget "WBooks" */;
			buildPhases = (
				FBD36C93CFAF7515A63E75EE /* [CP] Check Pods Manifest.lock */,
				BFFB81DD2669053C00979253 /* Sources */,
				BFFB81DE2669053C00979253 /* Frameworks */,
				BFFB81DF2669053C00979253 /* Resources */,
				FC8D2F6780EA7223BBDADEB4 /* [CP] Embed Pods Frameworks */,
			);
			buildRules = (
			);
			dependencies = (
			);
			name = WBooks;
			productName = WBooks;
			productReference = BFFB81E12669053C00979253 /* WBooks.app */;
			productType = "com.apple.product-type.application";
		};
		BFFB81F62669053D00979253 /* WBooksTests */ = {
			isa = PBXNativeTarget;
			buildConfigurationList = BFFB820E2669053D00979253 /* Build configuration list for PBXNativeTarget "WBooksTests" */;
			buildPhases = (
				8B09472B8EA92CD7835721BF /* [CP] Check Pods Manifest.lock */,
				BFFB81F32669053D00979253 /* Sources */,
				BFFB81F42669053D00979253 /* Frameworks */,
				BFFB81F52669053D00979253 /* Resources */,
			);
			buildRules = (
			);
			dependencies = (
				BFFB81F92669053D00979253 /* PBXTargetDependency */,
			);
			name = WBooksTests;
			productName = WBooksTests;
			productReference = BFFB81F72669053D00979253 /* WBooksTests.xctest */;
			productType = "com.apple.product-type.bundle.unit-test";
		};
		BFFB82012669053D00979253 /* WBooksUITests */ = {
			isa = PBXNativeTarget;
			buildConfigurationList = BFFB82112669053D00979253 /* Build configuration list for PBXNativeTarget "WBooksUITests" */;
			buildPhases = (
				E38F6BA1AE3C9477AF7AFF7F /* [CP] Check Pods Manifest.lock */,
				BFFB81FE2669053D00979253 /* Sources */,
				BFFB81FF2669053D00979253 /* Frameworks */,
				BFFB82002669053D00979253 /* Resources */,
				2359BDDBA460046E4F0F9770 /* [CP] Embed Pods Frameworks */,
			);
			buildRules = (
			);
			dependencies = (
				BFFB82042669053D00979253 /* PBXTargetDependency */,
			);
			name = WBooksUITests;
			productName = WBooksUITests;
			productReference = BFFB82022669053D00979253 /* WBooksUITests.xctest */;
			productType = "com.apple.product-type.bundle.ui-testing";
		};
/* End PBXNativeTarget section */

/* Begin PBXProject section */
		BFFB81D92669053C00979253 /* Project object */ = {
			isa = PBXProject;
			attributes = {
				LastSwiftUpdateCheck = 1250;
				LastUpgradeCheck = 1250;
				TargetAttributes = {
					BFFB81E02669053C00979253 = {
						CreatedOnToolsVersion = 12.5;
					};
					BFFB81F62669053D00979253 = {
						CreatedOnToolsVersion = 12.5;
						TestTargetID = BFFB81E02669053C00979253;
					};
					BFFB82012669053D00979253 = {
						CreatedOnToolsVersion = 12.5;
						TestTargetID = BFFB81E02669053C00979253;
					};
				};
			};
			buildConfigurationList = BFFB81DC2669053C00979253 /* Build configuration list for PBXProject "WBooks" */;
			compatibilityVersion = "Xcode 9.3";
			developmentRegion = en;
			hasScannedForEncodings = 0;
			knownRegions = (
				en,
				Base,
				es,
			);
			mainGroup = BFFB81D82669053C00979253;
			productRefGroup = BFFB81E22669053C00979253 /* Products */;
			projectDirPath = "";
			projectRoot = "";
			targets = (
				BFFB81E02669053C00979253 /* WBooks */,
				BFFB81F62669053D00979253 /* WBooksTests */,
				BFFB82012669053D00979253 /* WBooksUITests */,
			);
		};
/* End PBXProject section */

/* Begin PBXResourcesBuildPhase section */
		BFFB81DF2669053C00979253 /* Resources */ = {
			isa = PBXResourcesBuildPhase;
			buildActionMask = 2147483647;
			files = (
				BF7AA0532670F3E800EB490D /* Localizable.strings in Resources */,
				BF06D6972677D000007C5388 /* BookDetailsView.xib in Resources */,
				BF11E22A267A4579000F851F /* CommentSectionView.xib in Resources */,
				BFD65E58266AA65600B61FD0 /* TableBookView.xib in Resources */,
				BFFB81EE2669053D00979253 /* Assets.xcassets in Resources */,
				BFD65E52266A981800B61FD0 /* LoginView.xib in Resources */,
				BF06D6A52677D55D007C5388 /* InfoBookSectionView.xib in Resources */,
				BFD65E5F266AA93400B61FD0 /* CellBookView.xib in Resources */,
				BF11E231267A474D000F851F /* CommentCellView.xib in Resources */,
			);
			runOnlyForDeploymentPostprocessing = 0;
		};
		BFFB81F52669053D00979253 /* Resources */ = {
			isa = PBXResourcesBuildPhase;
			buildActionMask = 2147483647;
			files = (
			);
			runOnlyForDeploymentPostprocessing = 0;
		};
		BFFB82002669053D00979253 /* Resources */ = {
			isa = PBXResourcesBuildPhase;
			buildActionMask = 2147483647;
			files = (
			);
			runOnlyForDeploymentPostprocessing = 0;
		};
/* End PBXResourcesBuildPhase section */

/* Begin PBXShellScriptBuildPhase section */
		2359BDDBA460046E4F0F9770 /* [CP] Embed Pods Frameworks */ = {
			isa = PBXShellScriptBuildPhase;
			buildActionMask = 2147483647;
			files = (
			);
			inputFileListPaths = (
				"${PODS_ROOT}/Target Support Files/Pods-WBooks-WBooksUITests/Pods-WBooks-WBooksUITests-frameworks-${CONFIGURATION}-input-files.xcfilelist",
			);
			name = "[CP] Embed Pods Frameworks";
			outputFileListPaths = (
				"${PODS_ROOT}/Target Support Files/Pods-WBooks-WBooksUITests/Pods-WBooks-WBooksUITests-frameworks-${CONFIGURATION}-output-files.xcfilelist",
			);
			runOnlyForDeploymentPostprocessing = 0;
			shellPath = /bin/sh;
			shellScript = "\"${PODS_ROOT}/Target Support Files/Pods-WBooks-WBooksUITests/Pods-WBooks-WBooksUITests-frameworks.sh\"\n";
			showEnvVarsInLog = 0;
		};
		8B09472B8EA92CD7835721BF /* [CP] Check Pods Manifest.lock */ = {
			isa = PBXShellScriptBuildPhase;
			buildActionMask = 2147483647;
			files = (
			);
			inputFileListPaths = (
			);
			inputPaths = (
				"${PODS_PODFILE_DIR_PATH}/Podfile.lock",
				"${PODS_ROOT}/Manifest.lock",
			);
			name = "[CP] Check Pods Manifest.lock";
			outputFileListPaths = (
			);
			outputPaths = (
				"$(DERIVED_FILE_DIR)/Pods-WBooksTests-checkManifestLockResult.txt",
			);
			runOnlyForDeploymentPostprocessing = 0;
			shellPath = /bin/sh;
			shellScript = "diff \"${PODS_PODFILE_DIR_PATH}/Podfile.lock\" \"${PODS_ROOT}/Manifest.lock\" > /dev/null\nif [ $? != 0 ] ; then\n    # print error to STDERR\n    echo \"error: The sandbox is not in sync with the Podfile.lock. Run 'pod install' or update your CocoaPods installation.\" >&2\n    exit 1\nfi\n# This output is used by Xcode 'outputs' to avoid re-running this script phase.\necho \"SUCCESS\" > \"${SCRIPT_OUTPUT_FILE_0}\"\n";
			showEnvVarsInLog = 0;
		};
		E38F6BA1AE3C9477AF7AFF7F /* [CP] Check Pods Manifest.lock */ = {
			isa = PBXShellScriptBuildPhase;
			buildActionMask = 2147483647;
			files = (
			);
			inputFileListPaths = (
			);
			inputPaths = (
				"${PODS_PODFILE_DIR_PATH}/Podfile.lock",
				"${PODS_ROOT}/Manifest.lock",
			);
			name = "[CP] Check Pods Manifest.lock";
			outputFileListPaths = (
			);
			outputPaths = (
				"$(DERIVED_FILE_DIR)/Pods-WBooks-WBooksUITests-checkManifestLockResult.txt",
			);
			runOnlyForDeploymentPostprocessing = 0;
			shellPath = /bin/sh;
			shellScript = "diff \"${PODS_PODFILE_DIR_PATH}/Podfile.lock\" \"${PODS_ROOT}/Manifest.lock\" > /dev/null\nif [ $? != 0 ] ; then\n    # print error to STDERR\n    echo \"error: The sandbox is not in sync with the Podfile.lock. Run 'pod install' or update your CocoaPods installation.\" >&2\n    exit 1\nfi\n# This output is used by Xcode 'outputs' to avoid re-running this script phase.\necho \"SUCCESS\" > \"${SCRIPT_OUTPUT_FILE_0}\"\n";
			showEnvVarsInLog = 0;
		};
		FBD36C93CFAF7515A63E75EE /* [CP] Check Pods Manifest.lock */ = {
			isa = PBXShellScriptBuildPhase;
			buildActionMask = 2147483647;
			files = (
			);
			inputFileListPaths = (
			);
			inputPaths = (
				"${PODS_PODFILE_DIR_PATH}/Podfile.lock",
				"${PODS_ROOT}/Manifest.lock",
			);
			name = "[CP] Check Pods Manifest.lock";
			outputFileListPaths = (
			);
			outputPaths = (
				"$(DERIVED_FILE_DIR)/Pods-WBooks-checkManifestLockResult.txt",
			);
			runOnlyForDeploymentPostprocessing = 0;
			shellPath = /bin/sh;
			shellScript = "diff \"${PODS_PODFILE_DIR_PATH}/Podfile.lock\" \"${PODS_ROOT}/Manifest.lock\" > /dev/null\nif [ $? != 0 ] ; then\n    # print error to STDERR\n    echo \"error: The sandbox is not in sync with the Podfile.lock. Run 'pod install' or update your CocoaPods installation.\" >&2\n    exit 1\nfi\n# This output is used by Xcode 'outputs' to avoid re-running this script phase.\necho \"SUCCESS\" > \"${SCRIPT_OUTPUT_FILE_0}\"\n";
			showEnvVarsInLog = 0;
		};
		FC8D2F6780EA7223BBDADEB4 /* [CP] Embed Pods Frameworks */ = {
			isa = PBXShellScriptBuildPhase;
			buildActionMask = 2147483647;
			files = (
			);
			inputFileListPaths = (
				"${PODS_ROOT}/Target Support Files/Pods-WBooks/Pods-WBooks-frameworks-${CONFIGURATION}-input-files.xcfilelist",
			);
			name = "[CP] Embed Pods Frameworks";
			outputFileListPaths = (
				"${PODS_ROOT}/Target Support Files/Pods-WBooks/Pods-WBooks-frameworks-${CONFIGURATION}-output-files.xcfilelist",
			);
			runOnlyForDeploymentPostprocessing = 0;
			shellPath = /bin/sh;
			shellScript = "\"${PODS_ROOT}/Target Support Files/Pods-WBooks/Pods-WBooks-frameworks.sh\"\n";
			showEnvVarsInLog = 0;
		};
/* End PBXShellScriptBuildPhase section */

/* Begin PBXSourcesBuildPhase section */
		BFFB81DD2669053C00979253 /* Sources */ = {
			isa = PBXSourcesBuildPhase;
			buildActionMask = 2147483647;
			files = (
				BFD65E56266AA64400B61FD0 /* TableBookView.swift in Sources */,
				BF06D69F2677D4B8007C5388 /* InfoBookSectionController.swift in Sources */,
				BF06D6962677D000007C5388 /* BookDetailsController.swift in Sources */,
				BF06D6862677A2C6007C5388 /* UIImageView.swift in Sources */,
				BF69C6EC2672919200E618B8 /* TabBarController.swift in Sources */,
				BF11E22D267A472A000F851F /* CommentCellView.swift in Sources */,
				BF06D6A12677D4DC007C5388 /* InfoBookSectionViewModel.swift in Sources */,
				BF11E226267A4554000F851F /* CommentSectionController.swift in Sources */,
				BF06D69B2677D083007C5388 /* BookDetailsView.swift in Sources */,
				BFD65E4E266A979A00B61FD0 /* LoginView.swift in Sources */,
				BFD65E5D266AA92600B61FD0 /* CellBookView.swift in Sources */,
				BF11E233267A5715000F851F /* Comment.swift in Sources */,
				BF18907F2672743400C95A29 /* WBooksNavigationController.swift in Sources */,
				BFD65E49266A96B000B61FD0 /* NibView.swift in Sources */,
				BF90CA3A267383C4006D5F2E /* TableBookViewModel.swift in Sources */,
				BF11E224267A4540000F851F /* CommentSectionViewModel.swift in Sources */,
				BF90CA3F2673ADDC006D5F2E /* BookRepository.swift in Sources */,
				BF06D6A32677D54E007C5388 /* InfoBookSectionView.swift in Sources */,
				BFD65E5A266AA6C800B61FD0 /* TableBookController.swift in Sources */,
				BF7AA0502670DDA300EB490D /* Book.swift in Sources */,
				BF06D68D2677C725007C5388 /* BookDetailsViewModel.swift in Sources */,
				BF11E22F267A473D000F851F /* CommentCellViewModel.swift in Sources */,
				BF02A6BD26793D2900B7C60D /* Rent.swift in Sources */,
				BF11E235267A7519000F851F /* CommentRepository.swift in Sources */,
				BFFB81E52669053C00979253 /* AppDelegate.swift in Sources */,
				BF02A6BB26792EA000B7C60D /* RentRepository.swift in Sources */,
				BFFB81E72669053C00979253 /* SceneDelegate.swift in Sources */,
				BF90CA3C267383DF006D5F2E /* CellBookViewModel.swift in Sources */,
				BF11E228267A4569000F851F /* CommentSectionView.swift in Sources */,
				BFD65E4C266A972100B61FD0 /* LoginController.swift in Sources */,
			);
			runOnlyForDeploymentPostprocessing = 0;
		};
		BFFB81F32669053D00979253 /* Sources */ = {
			isa = PBXSourcesBuildPhase;
			buildActionMask = 2147483647;
			files = (
				BFFB81FC2669053D00979253 /* WBooksTests.swift in Sources */,
			);
			runOnlyForDeploymentPostprocessing = 0;
		};
		BFFB81FE2669053D00979253 /* Sources */ = {
			isa = PBXSourcesBuildPhase;
			buildActionMask = 2147483647;
			files = (
				BFFB82072669053D00979253 /* WBooksUITests.swift in Sources */,
			);
			runOnlyForDeploymentPostprocessing = 0;
		};
/* End PBXSourcesBuildPhase section */

/* Begin PBXTargetDependency section */
		BFFB81F92669053D00979253 /* PBXTargetDependency */ = {
			isa = PBXTargetDependency;
			target = BFFB81E02669053C00979253 /* WBooks */;
			targetProxy = BFFB81F82669053D00979253 /* PBXContainerItemProxy */;
		};
		BFFB82042669053D00979253 /* PBXTargetDependency */ = {
			isa = PBXTargetDependency;
			target = BFFB81E02669053C00979253 /* WBooks */;
			targetProxy = BFFB82032669053D00979253 /* PBXContainerItemProxy */;
		};
/* End PBXTargetDependency section */

/* Begin PBXVariantGroup section */
		BF7AA0552670F3E800EB490D /* Localizable.strings */ = {
			isa = PBXVariantGroup;
			children = (
				BF7AA0542670F3E800EB490D /* en */,
				BFC12AC22670FA0C00BDE671 /* es */,
			);
			name = Localizable.strings;
			sourceTree = "<group>";
		};
/* End PBXVariantGroup section */

/* Begin XCBuildConfiguration section */
		BFFB82092669053D00979253 /* Debug */ = {
			isa = XCBuildConfiguration;
			baseConfigurationReference = BFC1AA4026691ABA00AB8A65 /* Debug.xcconfig */;
			buildSettings = {
				ALWAYS_SEARCH_USER_PATHS = NO;
				CLANG_ANALYZER_LOCALIZABILITY_NONLOCALIZED = YES;
				CLANG_ANALYZER_NONNULL = YES;
				CLANG_ANALYZER_NUMBER_OBJECT_CONVERSION = YES_AGGRESSIVE;
				CLANG_CXX_LANGUAGE_STANDARD = "gnu++14";
				CLANG_CXX_LIBRARY = "libc++";
				CLANG_ENABLE_MODULES = YES;
				CLANG_ENABLE_OBJC_ARC = YES;
				CLANG_ENABLE_OBJC_WEAK = YES;
				CLANG_WARN_BLOCK_CAPTURE_AUTORELEASING = YES;
				CLANG_WARN_BOOL_CONVERSION = YES;
				CLANG_WARN_COMMA = YES;
				CLANG_WARN_CONSTANT_CONVERSION = YES;
				CLANG_WARN_DEPRECATED_OBJC_IMPLEMENTATIONS = YES;
				CLANG_WARN_DIRECT_OBJC_ISA_USAGE = YES_ERROR;
				CLANG_WARN_DOCUMENTATION_COMMENTS = YES;
				CLANG_WARN_EMPTY_BODY = YES;
				CLANG_WARN_ENUM_CONVERSION = YES;
				CLANG_WARN_INFINITE_RECURSION = YES;
				CLANG_WARN_INT_CONVERSION = YES;
				CLANG_WARN_NON_LITERAL_NULL_CONVERSION = YES;
				CLANG_WARN_OBJC_IMPLICIT_RETAIN_SELF = YES;
				CLANG_WARN_OBJC_LITERAL_CONVERSION = YES;
				CLANG_WARN_OBJC_ROOT_CLASS = YES_ERROR;
				CLANG_WARN_QUOTED_INCLUDE_IN_FRAMEWORK_HEADER = YES;
				CLANG_WARN_RANGE_LOOP_ANALYSIS = YES;
				CLANG_WARN_STRICT_PROTOTYPES = YES;
				CLANG_WARN_SUSPICIOUS_MOVE = YES;
				CLANG_WARN_UNGUARDED_AVAILABILITY = YES_AGGRESSIVE;
				CLANG_WARN_UNREACHABLE_CODE = YES;
				CLANG_WARN__DUPLICATE_METHOD_MATCH = YES;
				COPY_PHASE_STRIP = NO;
				DEBUG_INFORMATION_FORMAT = dwarf;
				ENABLE_STRICT_OBJC_MSGSEND = YES;
				ENABLE_TESTABILITY = YES;
				GCC_C_LANGUAGE_STANDARD = gnu11;
				GCC_DYNAMIC_NO_PIC = NO;
				GCC_NO_COMMON_BLOCKS = YES;
				GCC_OPTIMIZATION_LEVEL = 0;
				GCC_PREPROCESSOR_DEFINITIONS = (
					"DEBUG=1",
					"$(inherited)",
				);
				GCC_WARN_64_TO_32_BIT_CONVERSION = YES;
				GCC_WARN_ABOUT_RETURN_TYPE = YES_ERROR;
				GCC_WARN_UNDECLARED_SELECTOR = YES;
				GCC_WARN_UNINITIALIZED_AUTOS = YES_AGGRESSIVE;
				GCC_WARN_UNUSED_FUNCTION = YES;
				GCC_WARN_UNUSED_VARIABLE = YES;
				IPHONEOS_DEPLOYMENT_TARGET = 14.5;
				MTL_ENABLE_DEBUG_INFO = INCLUDE_SOURCE;
				MTL_FAST_MATH = YES;
				ONLY_ACTIVE_ARCH = YES;
				SDKROOT = iphoneos;
				SWIFT_ACTIVE_COMPILATION_CONDITIONS = DEBUG;
				SWIFT_OPTIMIZATION_LEVEL = "-Onone";
			};
			name = Debug;
		};
		BFFB820A2669053D00979253 /* Release */ = {
			isa = XCBuildConfiguration;
			baseConfigurationReference = BFC1AA3F26691A9500AB8A65 /* Release.xcconfig */;
			buildSettings = {
				ALWAYS_SEARCH_USER_PATHS = NO;
				CLANG_ANALYZER_LOCALIZABILITY_NONLOCALIZED = YES;
				CLANG_ANALYZER_NONNULL = YES;
				CLANG_ANALYZER_NUMBER_OBJECT_CONVERSION = YES_AGGRESSIVE;
				CLANG_CXX_LANGUAGE_STANDARD = "gnu++14";
				CLANG_CXX_LIBRARY = "libc++";
				CLANG_ENABLE_MODULES = YES;
				CLANG_ENABLE_OBJC_ARC = YES;
				CLANG_ENABLE_OBJC_WEAK = YES;
				CLANG_WARN_BLOCK_CAPTURE_AUTORELEASING = YES;
				CLANG_WARN_BOOL_CONVERSION = YES;
				CLANG_WARN_COMMA = YES;
				CLANG_WARN_CONSTANT_CONVERSION = YES;
				CLANG_WARN_DEPRECATED_OBJC_IMPLEMENTATIONS = YES;
				CLANG_WARN_DIRECT_OBJC_ISA_USAGE = YES_ERROR;
				CLANG_WARN_DOCUMENTATION_COMMENTS = YES;
				CLANG_WARN_EMPTY_BODY = YES;
				CLANG_WARN_ENUM_CONVERSION = YES;
				CLANG_WARN_INFINITE_RECURSION = YES;
				CLANG_WARN_INT_CONVERSION = YES;
				CLANG_WARN_NON_LITERAL_NULL_CONVERSION = YES;
				CLANG_WARN_OBJC_IMPLICIT_RETAIN_SELF = YES;
				CLANG_WARN_OBJC_LITERAL_CONVERSION = YES;
				CLANG_WARN_OBJC_ROOT_CLASS = YES_ERROR;
				CLANG_WARN_QUOTED_INCLUDE_IN_FRAMEWORK_HEADER = YES;
				CLANG_WARN_RANGE_LOOP_ANALYSIS = YES;
				CLANG_WARN_STRICT_PROTOTYPES = YES;
				CLANG_WARN_SUSPICIOUS_MOVE = YES;
				CLANG_WARN_UNGUARDED_AVAILABILITY = YES_AGGRESSIVE;
				CLANG_WARN_UNREACHABLE_CODE = YES;
				CLANG_WARN__DUPLICATE_METHOD_MATCH = YES;
				COPY_PHASE_STRIP = NO;
				DEBUG_INFORMATION_FORMAT = "dwarf-with-dsym";
				ENABLE_NS_ASSERTIONS = NO;
				ENABLE_STRICT_OBJC_MSGSEND = YES;
				GCC_C_LANGUAGE_STANDARD = gnu11;
				GCC_NO_COMMON_BLOCKS = YES;
				GCC_WARN_64_TO_32_BIT_CONVERSION = YES;
				GCC_WARN_ABOUT_RETURN_TYPE = YES_ERROR;
				GCC_WARN_UNDECLARED_SELECTOR = YES;
				GCC_WARN_UNINITIALIZED_AUTOS = YES_AGGRESSIVE;
				GCC_WARN_UNUSED_FUNCTION = YES;
				GCC_WARN_UNUSED_VARIABLE = YES;
				IPHONEOS_DEPLOYMENT_TARGET = 14.5;
				MTL_ENABLE_DEBUG_INFO = NO;
				MTL_FAST_MATH = YES;
				SDKROOT = iphoneos;
				SWIFT_COMPILATION_MODE = wholemodule;
				SWIFT_OPTIMIZATION_LEVEL = "-O";
				VALIDATE_PRODUCT = YES;
			};
			name = Release;
		};
		BFFB820C2669053D00979253 /* Debug */ = {
			isa = XCBuildConfiguration;
			baseConfigurationReference = 5F86B5779801677CC0544BBB /* Pods-WBooks.debug.xcconfig */;
			buildSettings = {
				ASSETCATALOG_COMPILER_APPICON_NAME = AppIcon;
				ASSETCATALOG_COMPILER_GLOBAL_ACCENT_COLOR_NAME = AccentColor;
				CODE_SIGN_STYLE = Automatic;
				INFOPLIST_FILE = WBooks/Info.plist;
				LD_RUNPATH_SEARCH_PATHS = (
					"$(inherited)",
					"@executable_path/Frameworks",
				);
				PRODUCT_BUNDLE_IDENTIFIER = Wolox.WBooks;
				PRODUCT_NAME = "$(TARGET_NAME)";
				SWIFT_VERSION = 5.0;
				TARGETED_DEVICE_FAMILY = "1,2";
			};
			name = Debug;
		};
		BFFB820D2669053D00979253 /* Release */ = {
			isa = XCBuildConfiguration;
			baseConfigurationReference = 5E6B0A8C654941F376093DBE /* Pods-WBooks.release.xcconfig */;
			buildSettings = {
				ASSETCATALOG_COMPILER_APPICON_NAME = AppIcon;
				ASSETCATALOG_COMPILER_GLOBAL_ACCENT_COLOR_NAME = AccentColor;
				CODE_SIGN_STYLE = Automatic;
				INFOPLIST_FILE = WBooks/Info.plist;
				LD_RUNPATH_SEARCH_PATHS = (
					"$(inherited)",
					"@executable_path/Frameworks",
				);
				PRODUCT_BUNDLE_IDENTIFIER = Wolox.WBooks;
				PRODUCT_NAME = "$(TARGET_NAME)";
				SWIFT_VERSION = 5.0;
				TARGETED_DEVICE_FAMILY = "1,2";
			};
			name = Release;
		};
		BFFB820F2669053D00979253 /* Debug */ = {
			isa = XCBuildConfiguration;
			baseConfigurationReference = ED8D5F3DF7D7312D1F8A5E4A /* Pods-WBooksTests.debug.xcconfig */;
			buildSettings = {
				ALWAYS_EMBED_SWIFT_STANDARD_LIBRARIES = YES;
				BUNDLE_LOADER = "$(TEST_HOST)";
				CODE_SIGN_STYLE = Automatic;
				INFOPLIST_FILE = WBooksTests/Info.plist;
				IPHONEOS_DEPLOYMENT_TARGET = 14.5;
				LD_RUNPATH_SEARCH_PATHS = (
					"$(inherited)",
					"@executable_path/Frameworks",
					"@loader_path/Frameworks",
				);
				PRODUCT_BUNDLE_IDENTIFIER = Wolox.WBooksTests;
				PRODUCT_NAME = "$(TARGET_NAME)";
				SWIFT_VERSION = 5.0;
				TARGETED_DEVICE_FAMILY = "1,2";
				TEST_HOST = "$(BUILT_PRODUCTS_DIR)/WBooks.app/WBooks";
			};
			name = Debug;
		};
		BFFB82102669053D00979253 /* Release */ = {
			isa = XCBuildConfiguration;
			baseConfigurationReference = 84DF9488F6C0B542A6F9D555 /* Pods-WBooksTests.release.xcconfig */;
			buildSettings = {
				ALWAYS_EMBED_SWIFT_STANDARD_LIBRARIES = YES;
				BUNDLE_LOADER = "$(TEST_HOST)";
				CODE_SIGN_STYLE = Automatic;
				INFOPLIST_FILE = WBooksTests/Info.plist;
				IPHONEOS_DEPLOYMENT_TARGET = 14.5;
				LD_RUNPATH_SEARCH_PATHS = (
					"$(inherited)",
					"@executable_path/Frameworks",
					"@loader_path/Frameworks",
				);
				PRODUCT_BUNDLE_IDENTIFIER = Wolox.WBooksTests;
				PRODUCT_NAME = "$(TARGET_NAME)";
				SWIFT_VERSION = 5.0;
				TARGETED_DEVICE_FAMILY = "1,2";
				TEST_HOST = "$(BUILT_PRODUCTS_DIR)/WBooks.app/WBooks";
			};
			name = Release;
		};
		BFFB82122669053D00979253 /* Debug */ = {
			isa = XCBuildConfiguration;
			baseConfigurationReference = 84E274A4D7A7AB8D3FF0DD3C /* Pods-WBooks-WBooksUITests.debug.xcconfig */;
			buildSettings = {
				ALWAYS_EMBED_SWIFT_STANDARD_LIBRARIES = YES;
				CODE_SIGN_STYLE = Automatic;
				INFOPLIST_FILE = WBooksUITests/Info.plist;
				LD_RUNPATH_SEARCH_PATHS = (
					"$(inherited)",
					"@executable_path/Frameworks",
					"@loader_path/Frameworks",
				);
				PRODUCT_BUNDLE_IDENTIFIER = Wolox.WBooksUITests;
				PRODUCT_NAME = "$(TARGET_NAME)";
				SWIFT_VERSION = 5.0;
				TARGETED_DEVICE_FAMILY = "1,2";
				TEST_TARGET_NAME = WBooks;
			};
			name = Debug;
		};
		BFFB82132669053D00979253 /* Release */ = {
			isa = XCBuildConfiguration;
			baseConfigurationReference = 235BDC242FA644E85627D186 /* Pods-WBooks-WBooksUITests.release.xcconfig */;
			buildSettings = {
				ALWAYS_EMBED_SWIFT_STANDARD_LIBRARIES = YES;
				CODE_SIGN_STYLE = Automatic;
				INFOPLIST_FILE = WBooksUITests/Info.plist;
				LD_RUNPATH_SEARCH_PATHS = (
					"$(inherited)",
					"@executable_path/Frameworks",
					"@loader_path/Frameworks",
				);
				PRODUCT_BUNDLE_IDENTIFIER = Wolox.WBooksUITests;
				PRODUCT_NAME = "$(TARGET_NAME)";
				SWIFT_VERSION = 5.0;
				TARGETED_DEVICE_FAMILY = "1,2";
				TEST_TARGET_NAME = WBooks;
			};
			name = Release;
		};
/* End XCBuildConfiguration section */

/* Begin XCConfigurationList section */
		BFFB81DC2669053C00979253 /* Build configuration list for PBXProject "WBooks" */ = {
			isa = XCConfigurationList;
			buildConfigurations = (
				BFFB82092669053D00979253 /* Debug */,
				BFFB820A2669053D00979253 /* Release */,
			);
			defaultConfigurationIsVisible = 0;
			defaultConfigurationName = Release;
		};
		BFFB820B2669053D00979253 /* Build configuration list for PBXNativeTarget "WBooks" */ = {
			isa = XCConfigurationList;
			buildConfigurations = (
				BFFB820C2669053D00979253 /* Debug */,
				BFFB820D2669053D00979253 /* Release */,
			);
			defaultConfigurationIsVisible = 0;
			defaultConfigurationName = Release;
		};
		BFFB820E2669053D00979253 /* Build configuration list for PBXNativeTarget "WBooksTests" */ = {
			isa = XCConfigurationList;
			buildConfigurations = (
				BFFB820F2669053D00979253 /* Debug */,
				BFFB82102669053D00979253 /* Release */,
			);
			defaultConfigurationIsVisible = 0;
			defaultConfigurationName = Release;
		};
		BFFB82112669053D00979253 /* Build configuration list for PBXNativeTarget "WBooksUITests" */ = {
			isa = XCConfigurationList;
			buildConfigurations = (
				BFFB82122669053D00979253 /* Debug */,
				BFFB82132669053D00979253 /* Release */,
			);
			defaultConfigurationIsVisible = 0;
			defaultConfigurationName = Release;
		};
/* End XCConfigurationList section */
	};
	rootObject = BFFB81D92669053C00979253 /* Project object */;
}
